
Microsoft Visual Studio Solution File, Format Version 12.00
# Visual Studio 15
VisualStudioVersion = 15.0.27428.2015
MinimumVisualStudioVersion = 10.0.40219.1
Project("{9A19103F-16F7-4668-BE54-9A1E7A4F7556}") = "DynamicSortSearchAndPaginationExample", "DynamicSortSearchAndPaginationExample\DynamicSortSearchAndPaginationExample.csproj", "{8EBFA337-CCE7-4661-87D9-89B09EB5BA0C}"
EndProject
Global
	GlobalSection(SolutionConfigurationPlatforms) = preSolution
		Debug|Any CPU = Debug|Any CPU
		Release|Any CPU = Release|Any CPU
	EndGlobalSection
	GlobalSection(ProjectConfigurationPlatforms) = postSolution
		{8EBFA337-CCE7-4661-87D9-89B09EB5BA0C}.Debug|Any CPU.ActiveCfg = Debug|Any CPU
		{8EBFA337-CCE7-4661-87D9-89B09EB5BA0C}.Debug|Any CPU.Build.0 = Debug|Any CPU
		{8EBFA337-CCE7-4661-87D9-89B09EB5BA0C}.Release|Any CPU.ActiveCfg = Release|Any CPU
		{8EBFA337-CCE7-4661-87D9-89B09EB5BA0C}.Release|Any CPU.Build.0 = Release|Any CPU
	EndGlobalSection
	GlobalSection(SolutionProperties) = preSolution
		HideSolutionNode = FALSE
	EndGlobalSection
	GlobalSection(ExtensibilityGlobals) = postSolution
		SolutionGuid = {431DBE56-C911-4BF8-A042-58E3FAD01B5A}
	EndGlobalSection
EndGlobal
